#MicroXplorer Configuration settings - do not modify
Mcu.Family=STM32F1
NVIC.SysTick_IRQn=true\:0\:0\:false\:false\:true\:false\:true
TIM4.Channel-PWM\ Generation1\ CH1=TIM_CHANNEL_1
ProjectManager.LastFirmware=true
ProjectManager.MainLocation=Core/Src
SH.S_TIM4_CH1.ConfNb=1
ProjectManager.FirmwarePackage=STM32Cube FW_F1 V1.8.3
MxDb.Version=DB.5.0.60
ProjectManager.ProjectFileName=lab2_pwm_hal.ioc
PB0.GPIOParameters=GPIO_PuPd
RCC.APB2Freq_Value=8000000
ProjectManager.BackupPrevious=false
MxCube.Version=5.6.0
ProjectManager.KeepUserCode=true
Mcu.UserName=STM32F103C8Tx
PA14.Mode=Serial_Wire
Mcu.PinsNb=8
ProjectManager.NoMain=false
File.Version=6
VP_SYS_VS_Systick.Mode=SysTick
RCC.PLLCLKFreq_Value=8000000
NVIC.NonMaskableInt_IRQn=true\:0\:0\:false\:false\:true\:false\:false
NVIC.PendSV_IRQn=true\:0\:0\:false\:false\:true\:false\:false
ProjectManager.functionlistsort=1-MX_GPIO_Init-GPIO-false-HAL-true,2-SystemClock_Config-RCC-false-HAL-false,3-MX_TIM4_Init-TIM4-false-HAL-true
PA13.Mode=Serial_Wire
ProjectManager.FreePins=false
RCC.IPParameters=APB1Freq_Value,APB2Freq_Value,FamilyName,PLLCLKFreq_Value,PLLMCOFreq_Value,TimSysFreq_Value
ProjectManager.DefaultFWLocation=true
ProjectManager.AskForMigrate=true
Mcu.Name=STM32F103C(8-B)Tx
ProjectManager.HalAssertFull=false
PB0.Locked=true
ProjectManager.DeletePrevious=true
ProjectManager.ProjectName=lab2_pwm_hal
ProjectManager.UnderRoot=false
RCC.PLLMCOFreq_Value=4000000
ProjectManager.CoupleFile=false
PinOutPanel.RotationAngle=0
Mcu.Package=LQFP48
PB1.Signal=GPIO_Input
RCC.FamilyName=M
RCC.TimSysFreq_Value=8000000
ProjectManager.StackSize=0x400
PA0-WKUP.Signal=GPIO_Output
PA0-WKUP.Locked=true
NVIC.ForceEnableDMAVector=true
KeepUserPlacement=false
PA13.Signal=SYS_JTMS-SWDIO
NVIC.MemoryManagement_IRQn=true\:0\:0\:false\:false\:true\:false\:false
ProjectManager.CompilerOptimize=6
NVIC.SVCall_IRQn=true\:0\:0\:false\:false\:true\:false\:false
Mcu.IP2=SYS
ProjectManager.ToolChainLocation=
Mcu.IP3=TIM4
VP_SYS_VS_Systick.Signal=SYS_VS_Systick
Mcu.IP0=NVIC
Mcu.IP1=RCC
PA14.Signal=SYS_JTCK-SWCLK
ProjectManager.HeapSize=0x200
NVIC.HardFault_IRQn=true\:0\:0\:false\:false\:true\:false\:false
Mcu.UserConstants=
VP_TIM4_VS_ClockSourceINT.Signal=TIM4_VS_ClockSourceINT
ProjectManager.TargetToolchain=MDK-ARM V5.27
ProjectManager.ComputerToolchain=false
TIM4.IPParameters=Channel-PWM Generation1 CH1
VP_TIM4_VS_ClockSourceINT.Mode=Internal
Mcu.ThirdPartyNb=0
NVIC.PriorityGroup=NVIC_PRIORITYGROUP_4
PB1.GPIO_PuPd=GPIO_PULLUP
SH.S_TIM4_CH1.0=TIM4_CH1,PWM Generation1 CH1
Mcu.IPNb=4
ProjectManager.PreviousToolchain=
PB6.Signal=S_TIM4_CH1
NVIC.BusFault_IRQn=true\:0\:0\:false\:false\:true\:false\:false
Mcu.Pin6=VP_SYS_VS_Systick
Mcu.Pin7=VP_TIM4_VS_ClockSourceINT
RCC.APB1Freq_Value=8000000
PB0.Signal=GPIO_Input
Mcu.Pin0=PA0-WKUP
PB1.Locked=true
Mcu.Pin1=PB0
GPIO.groupedBy=Group By Peripherals
Mcu.Pin2=PB1
ProjectManager.CustomerFirmwarePackage=
Mcu.Pin3=PA13
ProjectManager.DeviceId=STM32F103C8Tx
Mcu.Pin4=PA14
Mcu.Pin5=PB6
ProjectManager.LibraryCopy=0
PB0.GPIO_PuPd=GPIO_PULLUP
ProjectManager.ProjectBuild=false
NVIC.UsageFault_IRQn=true\:0\:0\:false\:false\:true\:false\:false
PB1.GPIOParameters=GPIO_PuPd
NVIC.DebugMonitor_IRQn=true\:0\:0\:false\:false\:true\:false\:false
board=custom
